// !$*UTF8*$!
{
	archiveVersion = 1;
	classes = {
	};
	objectVersion = 50;
	objects = {

/* Begin PBXBuildFile section */
		4B085ADF230FC4FB00E54B7B /* ImagePickerExtension.swift in Sources */ = {isa = PBXBuildFile; fileRef = 4B085ADE230FC4FB00E54B7B /* ImagePickerExtension.swift */; };
		4B7E43B8230E6BB8000453D0 /* PickerViewExtension.swift in Sources */ = {isa = PBXBuildFile; fileRef = 4B7E43B7230E6BB8000453D0 /* PickerViewExtension.swift */; };
		4BC6AEBF230EEA2E0089A0A0 /* Constantes.swift in Sources */ = {isa = PBXBuildFile; fileRef = 4BC6AEBE230EEA2E0089A0A0 /* Constantes.swift */; };
		4BD19DCB230DCBB00002ACA9 /* AppDelegate.swift in Sources */ = {isa = PBXBuildFile; fileRef = 4BD19DCA230DCBB00002ACA9 /* AppDelegate.swift */; };
		4BD19DCD230DCBB00002ACA9 /* ViewController.swift in Sources */ = {isa = PBXBuildFile; fileRef = 4BD19DCC230DCBB00002ACA9 /* ViewController.swift */; };
		4BD19DD0230DCBB00002ACA9 /* Main.storyboard in Resources */ = {isa = PBXBuildFile; fileRef = 4BD19DCE230DCBB00002ACA9 /* Main.storyboard */; };
		4BD19DD3230DCBB10002ACA9 /* Repertoire_Entreprise.xcdatamodeld in Sources */ = {isa = PBXBuildFile; fileRef = 4BD19DD1230DCBB00002ACA9 /* Repertoire_Entreprise.xcdatamodeld */; };
		4BD19DD5230DCBB20002ACA9 /* Assets.xcassets in Resources */ = {isa = PBXBuildFile; fileRef = 4BD19DD4230DCBB20002ACA9 /* Assets.xcassets */; };
		4BD19DD8230DCBB20002ACA9 /* LaunchScreen.storyboard in Resources */ = {isa = PBXBuildFile; fileRef = 4BD19DD6230DCBB20002ACA9 /* LaunchScreen.storyboard */; };
		4BD19DE3230DCE660002ACA9 /* AjoutController.swift in Sources */ = {isa = PBXBuildFile; fileRef = 4BD19DE2230DCE660002ACA9 /* AjoutController.swift */; };
		4BD19DE6230DDE040002ACA9 /* ImageArrondie.swift in Sources */ = {isa = PBXBuildFile; fileRef = 4BD19DE5230DDE040002ACA9 /* ImageArrondie.swift */; };
		4BD19DE8230DE2080002ACA9 /* BoutonArrondie.swift in Sources */ = {isa = PBXBuildFile; fileRef = 4BD19DE7230DE2080002ACA9 /* BoutonArrondie.swift */; };
/* End PBXBuildFile section */

/* Begin PBXFileReference section */
		4B085ADE230FC4FB00E54B7B /* ImagePickerExtension.swift */ = {isa = PBXFileReference; lastKnownFileType = sourcecode.swift; path = ImagePickerExtension.swift; sourceTree = "<group>"; };
		4B7E43B7230E6BB8000453D0 /* PickerViewExtension.swift */ = {isa = PBXFileReference; lastKnownFileType = sourcecode.swift; path = PickerViewExtension.swift; sourceTree = "<group>"; };
		4BC6AEBE230EEA2E0089A0A0 /* Constantes.swift */ = {isa = PBXFileReference; lastKnownFileType = sourcecode.swift; path = Constantes.swift; sourceTree = "<group>"; };
		4BD19DC7230DCBB00002ACA9 /* Repertoire Entreprise.app */ = {isa = PBXFileReference; explicitFileType = wrapper.application; includeInIndex = 0; path = "Repertoire Entreprise.app"; sourceTree = BUILT_PRODUCTS_DIR; };
		4BD19DCA230DCBB00002ACA9 /* AppDelegate.swift */ = {isa = PBXFileReference; lastKnownFileType = sourcecode.swift; path = AppDelegate.swift; sourceTree = "<group>"; };
		4BD19DCC230DCBB00002ACA9 /* ViewController.swift */ = {isa = PBXFileReference; lastKnownFileType = sourcecode.swift; path = ViewController.swift; sourceTree = "<group>"; };
		4BD19DCF230DCBB00002ACA9 /* Base */ = {isa = PBXFileReference; lastKnownFileType = file.storyboard; name = Base; path = Base.lproj/Main.storyboard; sourceTree = "<group>"; };
		4BD19DD2230DCBB00002ACA9 /* Repertoire_Entreprise.xcdatamodel */ = {isa = PBXFileReference; lastKnownFileType = wrapper.xcdatamodel; path = Repertoire_Entreprise.xcdatamodel; sourceTree = "<group>"; };
		4BD19DD4230DCBB20002ACA9 /* Assets.xcassets */ = {isa = PBXFileReference; lastKnownFileType = folder.assetcatalog; path = Assets.xcassets; sourceTree = "<group>"; };
		4BD19DD7230DCBB20002ACA9 /* Base */ = {isa = PBXFileReference; lastKnownFileType = file.storyboard; name = Base; path = Base.lproj/LaunchScreen.storyboard; sourceTree = "<group>"; };
		4BD19DD9230DCBB20002ACA9 /* Info.plist */ = {isa = PBXFileReference; lastKnownFileType = text.plist.xml; path = Info.plist; sourceTree = "<group>"; };
		4BD19DE2230DCE660002ACA9 /* AjoutController.swift */ = {isa = PBXFileReference; lastKnownFileType = sourcecode.swift; path = AjoutController.swift; sourceTree = "<group>"; };
		4BD19DE5230DDE040002ACA9 /* ImageArrondie.swift */ = {isa = PBXFileReference; lastKnownFileType = sourcecode.swift; path = ImageArrondie.swift; sourceTree = "<group>"; };
		4BD19DE7230DE2080002ACA9 /* BoutonArrondie.swift */ = {isa = PBXFileReference; lastKnownFileType = sourcecode.swift; path = BoutonArrondie.swift; sourceTree = "<group>"; };
/* End PBXFileReference section */

/* Begin PBXFrameworksBuildPhase section */
		4BD19DC4230DCBB00002ACA9 /* Frameworks */ = {
			isa = PBXFrameworksBuildPhase;
			buildActionMask = 2147483647;
			files = (
			);
			runOnlyForDeploymentPostprocessing = 0;
		};
/* End PBXFrameworksBuildPhase section */

/* Begin PBXGroup section */
		4BC6AEBD230EE9F90089A0A0 /* Utilitaire */ = {
			isa = PBXGroup;
			children = (
				4BC6AEBE230EEA2E0089A0A0 /* Constantes.swift */,
			);
			path = Utilitaire;
			sourceTree = "<group>";
		};
		4BD19DBE230DCBB00002ACA9 = {
			isa = PBXGroup;
			children = (
				4BD19DC9230DCBB00002ACA9 /* Repertoire Entreprise */,
				4BD19DC8230DCBB00002ACA9 /* Products */,
			);
			sourceTree = "<group>";
		};
		4BD19DC8230DCBB00002ACA9 /* Products */ = {
			isa = PBXGroup;
			children = (
				4BD19DC7230DCBB00002ACA9 /* Repertoire Entreprise.app */,
			);
			name = Products;
			sourceTree = "<group>";
		};
		4BD19DC9230DCBB00002ACA9 /* Repertoire Entreprise */ = {
			isa = PBXGroup;
			children = (
				4BC6AEBD230EE9F90089A0A0 /* Utilitaire */,
				4BD19DDF230DCD9F0002ACA9 /* Model */,
				4BD19DE0230DCDB60002ACA9 /* View */,
				4BD19DE1230DCDC20002ACA9 /* Controller */,
				4BD19DE4230DCE8C0002ACA9 /* Storyboard */,
				4BD19DCA230DCBB00002ACA9 /* AppDelegate.swift */,
				4BD19DCC230DCBB00002ACA9 /* ViewController.swift */,
				4BD19DD4230DCBB20002ACA9 /* Assets.xcassets */,
				4BD19DD9230DCBB20002ACA9 /* Info.plist */,
			);
			path = "Repertoire Entreprise";
			sourceTree = "<group>";
		};
		4BD19DDF230DCD9F0002ACA9 /* Model */ = {
			isa = PBXGroup;
			children = (
				4BD19DD1230DCBB00002ACA9 /* Repertoire_Entreprise.xcdatamodeld */,
			);
			path = Model;
			sourceTree = "<group>";
		};
		4BD19DE0230DCDB60002ACA9 /* View */ = {
			isa = PBXGroup;
			children = (
				4BD19DE5230DDE040002ACA9 /* ImageArrondie.swift */,
				4BD19DE7230DE2080002ACA9 /* BoutonArrondie.swift */,
			);
			path = View;
			sourceTree = "<group>";
		};
		4BD19DE1230DCDC20002ACA9 /* Controller */ = {
			isa = PBXGroup;
			children = (
				4BD19DE2230DCE660002ACA9 /* AjoutController.swift */,
				4B7E43B7230E6BB8000453D0 /* PickerViewExtension.swift */,
				4B085ADE230FC4FB00E54B7B /* ImagePickerExtension.swift */,
			);
			path = Controller;
			sourceTree = "<group>";
		};
		4BD19DE4230DCE8C0002ACA9 /* Storyboard */ = {
			isa = PBXGroup;
			children = (
				4BD19DCE230DCBB00002ACA9 /* Main.storyboard */,
				4BD19DD6230DCBB20002ACA9 /* LaunchScreen.storyboard */,
			);
			path = Storyboard;
			sourceTree = "<group>";
		};
/* End PBXGroup section */

/* Begin PBXNativeTarget section */
		4BD19DC6230DCBB00002ACA9 /* Repertoire Entreprise */ = {
			isa = PBXNativeTarget;
			buildConfigurationList = 4BD19DDC230DCBB20002ACA9 /* Build configuration list for PBXNativeTarget "Repertoire Entreprise" */;
			buildPhases = (
				4BD19DC3230DCBB00002ACA9 /* Sources */,
				4BD19DC4230DCBB00002ACA9 /* Frameworks */,
				4BD19DC5230DCBB00002ACA9 /* Resources */,
			);
			buildRules = (
			);
			dependencies = (
			);
			name = "Repertoire Entreprise";
			productName = "Repertoire Entreprise";
			productReference = 4BD19DC7230DCBB00002ACA9 /* Repertoire Entreprise.app */;
			productType = "com.apple.product-type.application";
		};
/* End PBXNativeTarget section */

/* Begin PBXProject section */
		4BD19DBF230DCBB00002ACA9 /* Project object */ = {
			isa = PBXProject;
			attributes = {
				LastSwiftUpdateCheck = 1030;
				LastUpgradeCheck = 1030;
				ORGANIZATIONNAME = "Jean-Paul Berthelot";
				TargetAttributes = {
					4BD19DC6230DCBB00002ACA9 = {
						CreatedOnToolsVersion = 10.3;
					};
				};
			};
			buildConfigurationList = 4BD19DC2230DCBB00002ACA9 /* Build configuration list for PBXProject "Repertoire Entreprise" */;
			compatibilityVersion = "Xcode 9.3";
			developmentRegion = en;
			hasScannedForEncodings = 0;
			knownRegions = (
				en,
				Base,
			);
			mainGroup = 4BD19DBE230DCBB00002ACA9;
			productRefGroup = 4BD19DC8230DCBB00002ACA9 /* Products */;
			projectDirPath = "";
			projectRoot = "";
			targets = (
				4BD19DC6230DCBB00002ACA9 /* Repertoire Entreprise */,
			);
		};
/* End PBXProject section */

/* Begin PBXResourcesBuildPhase section */
		4BD19DC5230DCBB00002ACA9 /* Resources */ = {
			isa = PBXResourcesBuildPhase;
			buildActionMask = 2147483647;
			files = (
				4BD19DD8230DCBB20002ACA9 /* LaunchScreen.storyboard in Resources */,
				4BD19DD5230DCBB20002ACA9 /* Assets.xcassets in Resources */,
				4BD19DD0230DCBB00002ACA9 /* Main.storyboard in Resources */,
			);
			runOnlyForDeploymentPostprocessing = 0;
		};
/* End PBXResourcesBuildPhase section */

/* Begin PBXSourcesBuildPhase section */
		4BD19DC3230DCBB00002ACA9 /* Sources */ = {
			isa = PBXSourcesBuildPhase;
			buildActionMask = 2147483647;
			files = (
				4B085ADF230FC4FB00E54B7B /* ImagePickerExtension.swift in Sources */,
				4BD19DE6230DDE040002ACA9 /* ImageArrondie.swift in Sources */,
				4BD19DD3230DCBB10002ACA9 /* Repertoire_Entreprise.xcdatamodeld in Sources */,
				4BD19DE8230DE2080002ACA9 /* BoutonArrondie.swift in Sources */,
				4BD19DCD230DCBB00002ACA9 /* ViewController.swift in Sources */,
				4B7E43B8230E6BB8000453D0 /* PickerViewExtension.swift in Sources */,
				4BC6AEBF230EEA2E0089A0A0 /* Constantes.swift in Sources */,
				4BD19DCB230DCBB00002ACA9 /* AppDelegate.swift in Sources */,
				4BD19DE3230DCE660002ACA9 /* AjoutController.swift in Sources */,
			);
			runOnlyForDeploymentPostprocessing = 0;
		};
/* End PBXSourcesBuildPhase section */

/* Begin PBXVariantGroup section */
		4BD19DCE230DCBB00002ACA9 /* Main.storyboard */ = {
			isa = PBXVariantGroup;
			children = (
				4BD19DCF230DCBB00002ACA9 /* Base */,
			);
			name = Main.storyboard;
			sourceTree = "<group>";
		};
		4BD19DD6230DCBB20002ACA9 /* LaunchScreen.storyboard */ = {
			isa = PBXVariantGroup;
			children = (
				4BD19DD7230DCBB20002ACA9 /* Base */,
			);
			name = LaunchScreen.storyboard;
			sourceTree = "<group>";
		};
/* End PBXVariantGroup section */

/* Begin XCBuildConfiguration section */
		4BD19DDA230DCBB20002ACA9 /* Debug */ = {
			isa = XCBuildConfiguration;
			buildSettings = {
				ALWAYS_SEARCH_USER_PATHS = NO;
				CLANG_ANALYZER_NONNULL = YES;
				CLANG_ANALYZER_NUMBER_OBJECT_CONVERSION = YES_AGGRESSIVE;
				CLANG_CXX_LANGUAGE_STANDARD = "gnu++14";
				CLANG_CXX_LIBRARY = "libc++";
				CLANG_ENABLE_MODULES = YES;
				CLANG_ENABLE_OBJC_ARC = YES;
				CLANG_ENABLE_OBJC_WEAK = YES;
				CLANG_WARN_BLOCK_CAPTURE_AUTORELEASING = YES;
				CLANG_WARN_BOOL_CONVERSION = YES;
				CLANG_WARN_COMMA = YES;
				CLANG_WARN_CONSTANT_CONVERSION = YES;
				CLANG_WARN_DEPRECATED_OBJC_IMPLEMENTATIONS = YES;
				CLANG_WARN_DIRECT_OBJC_ISA_USAGE = YES_ERROR;
				CLANG_WARN_DOCUMENTATION_COMMENTS = YES;
				CLANG_WARN_EMPTY_BODY = YES;
				CLANG_WARN_ENUM_CONVERSION = YES;
				CLANG_WARN_INFINITE_RECURSION = YES;
				CLANG_WARN_INT_CONVERSION = YES;
				CLANG_WARN_NON_LITERAL_NULL_CONVERSION = YES;
				CLANG_WARN_OBJC_IMPLICIT_RETAIN_SELF = YES;
				CLANG_WARN_OBJC_LITERAL_CONVERSION = YES;
				CLANG_WARN_OBJC_ROOT_CLASS = YES_ERROR;
				CLANG_WARN_RANGE_LOOP_ANALYSIS = YES;
				CLANG_WARN_STRICT_PROTOTYPES = YES;
				CLANG_WARN_SUSPICIOUS_MOVE = YES;
				CLANG_WARN_UNGUARDED_AVAILABILITY = YES_AGGRESSIVE;
				CLANG_WARN_UNREACHABLE_CODE = YES;
				CLANG_WARN__DUPLICATE_METHOD_MATCH = YES;
				CODE_SIGN_IDENTITY = "iPhone Developer";
				COPY_PHASE_STRIP = NO;
				DEBUG_INFORMATION_FORMAT = dwarf;
				ENABLE_STRICT_OBJC_MSGSEND = YES;
				ENABLE_TESTABILITY = YES;
				GCC_C_LANGUAGE_STANDARD = gnu11;
				GCC_DYNAMIC_NO_PIC = NO;
				GCC_NO_COMMON_BLOCKS = YES;
				GCC_OPTIMIZATION_LEVEL = 0;
				GCC_PREPROCESSOR_DEFINITIONS = (
					"DEBUG=1",
					"$(inherited)",
				);
				GCC_WARN_64_TO_32_BIT_CONVERSION = YES;
				GCC_WARN_ABOUT_RETURN_TYPE = YES_ERROR;
				GCC_WARN_UNDECLARED_SELECTOR = YES;
				GCC_WARN_UNINITIALIZED_AUTOS = YES_AGGRESSIVE;
				GCC_WARN_UNUSED_FUNCTION = YES;
				GCC_WARN_UNUSED_VARIABLE = YES;
				IPHONEOS_DEPLOYMENT_TARGET = 12.4;
				MTL_ENABLE_DEBUG_INFO = INCLUDE_SOURCE;
				MTL_FAST_MATH = YES;
				ONLY_ACTIVE_ARCH = YES;
				SDKROOT = iphoneos;
				SWIFT_ACTIVE_COMPILATION_CONDITIONS = DEBUG;
				SWIFT_OPTIMIZATION_LEVEL = "-Onone";
			};
			name = Debug;
		};
		4BD19DDB230DCBB20002ACA9 /* Release */ = {
			isa = XCBuildConfiguration;
			buildSettings = {
				ALWAYS_SEARCH_USER_PATHS = NO;
				CLANG_ANALYZER_NONNULL = YES;
				CLANG_ANALYZER_NUMBER_OBJECT_CONVERSION = YES_AGGRESSIVE;
				CLANG_CXX_LANGUAGE_STANDARD = "gnu++14";
				CLANG_CXX_LIBRARY = "libc++";
				CLANG_ENABLE_MODULES = YES;
				CLANG_ENABLE_OBJC_ARC = YES;
				CLANG_ENABLE_OBJC_WEAK = YES;
				CLANG_WARN_BLOCK_CAPTURE_AUTORELEASING = YES;
				CLANG_WARN_BOOL_CONVERSION = YES;
				CLANG_WARN_COMMA = YES;
				CLANG_WARN_CONSTANT_CONVERSION = YES;
				CLANG_WARN_DEPRECATED_OBJC_IMPLEMENTATIONS = YES;
				CLANG_WARN_DIRECT_OBJC_ISA_USAGE = YES_ERROR;
				CLANG_WARN_DOCUMENTATION_COMMENTS = YES;
				CLANG_WARN_EMPTY_BODY = YES;
				CLANG_WARN_ENUM_CONVERSION = YES;
				CLANG_WARN_INFINITE_RECURSION = YES;
				CLANG_WARN_INT_CONVERSION = YES;
				CLANG_WARN_NON_LITERAL_NULL_CONVERSION = YES;
				CLANG_WARN_OBJC_IMPLICIT_RETAIN_SELF = YES;
				CLANG_WARN_OBJC_LITERAL_CONVERSION = YES;
				CLANG_WARN_OBJC_ROOT_CLASS = YES_ERROR;
				CLANG_WARN_RANGE_LOOP_ANALYSIS = YES;
				CLANG_WARN_STRICT_PROTOTYPES = YES;
				CLANG_WARN_SUSPICIOUS_MOVE = YES;
				CLANG_WARN_UNGUARDED_AVAILABILITY = YES_AGGRESSIVE;
				CLANG_WARN_UNREACHABLE_CODE = YES;
				CLANG_WARN__DUPLICATE_METHOD_MATCH = YES;
				CODE_SIGN_IDENTITY = "iPhone Developer";
				COPY_PHASE_STRIP = NO;
				DEBUG_INFORMATION_FORMAT = "dwarf-with-dsym";
				ENABLE_NS_ASSERTIONS = NO;
				ENABLE_STRICT_OBJC_MSGSEND = YES;
				GCC_C_LANGUAGE_STANDARD = gnu11;
				GCC_NO_COMMON_BLOCKS = YES;
				GCC_WARN_64_TO_32_BIT_CONVERSION = YES;
				GCC_WARN_ABOUT_RETURN_TYPE = YES_ERROR;
				GCC_WARN_UNDECLARED_SELECTOR = YES;
				GCC_WARN_UNINITIALIZED_AUTOS = YES_AGGRESSIVE;
				GCC_WARN_UNUSED_FUNCTION = YES;
				GCC_WARN_UNUSED_VARIABLE = YES;
				IPHONEOS_DEPLOYMENT_TARGET = 12.4;
				MTL_ENABLE_DEBUG_INFO = NO;
				MTL_FAST_MATH = YES;
				SDKROOT = iphoneos;
				SWIFT_COMPILATION_MODE = wholemodule;
				SWIFT_OPTIMIZATION_LEVEL = "-O";
				VALIDATE_PRODUCT = YES;
			};
			name = Release;
		};
		4BD19DDD230DCBB20002ACA9 /* Debug */ = {
			isa = XCBuildConfiguration;
			buildSettings = {
				ASSETCATALOG_COMPILER_APPICON_NAME = AppIcon;
				CODE_SIGN_STYLE = Automatic;
				DEVELOPMENT_TEAM = QTNZP93R8D;
				INFOPLIST_FILE = "Repertoire Entreprise/Info.plist";
				LD_RUNPATH_SEARCH_PATHS = (
					"$(inherited)",
					"@executable_path/Frameworks",
				);
				PRODUCT_BUNDLE_IDENTIFIER = "Jean-Paul.Repertoire-Entreprise";
				PRODUCT_NAME = "$(TARGET_NAME)";
				SWIFT_VERSION = 5.0;
				TARGETED_DEVICE_FAMILY = "1,2";
			};
			name = Debug;
		};
		4BD19DDE230DCBB20002ACA9 /* Release */ = {
			isa = XCBuildConfiguration;
			buildSettings = {
				ASSETCATALOG_COMPILER_APPICON_NAME = AppIcon;
				CODE_SIGN_STYLE = Automatic;
				DEVELOPMENT_TEAM = QTNZP93R8D;
				INFOPLIST_FILE = "Repertoire Entreprise/Info.plist";
				LD_RUNPATH_SEARCH_PATHS = (
					"$(inherited)",
					"@executable_path/Frameworks",
				);
				PRODUCT_BUNDLE_IDENTIFIER = "Jean-Paul.Repertoire-Entreprise";
				PRODUCT_NAME = "$(TARGET_NAME)";
				SWIFT_VERSION = 5.0;
				TARGETED_DEVICE_FAMILY = "1,2";
			};
			name = Release;
		};
/* End XCBuildConfiguration section */

/* Begin XCConfigurationList section */
		4BD19DC2230DCBB00002ACA9 /* Build configuration list for PBXProject "Repertoire Entreprise" */ = {
			isa = XCConfigurationList;
			buildConfigurations = (
				4BD19DDA230DCBB20002ACA9 /* Debug */,
				4BD19DDB230DCBB20002ACA9 /* Release */,
			);
			defaultConfigurationIsVisible = 0;
			defaultConfigurationName = Release;
		};
		4BD19DDC230DCBB20002ACA9 /* Build configuration list for PBXNativeTarget "Repertoire Entreprise" */ = {
			isa = XCConfigurationList;
			buildConfigurations = (
				4BD19DDD230DCBB20002ACA9 /* Debug */,
				4BD19DDE230DCBB20002ACA9 /* Release */,
			);
			defaultConfigurationIsVisible = 0;
			defaultConfigurationName = Release;
		};
/* End XCConfigurationList section */

/* Begin XCVersionGroup section */
		4BD19DD1230DCBB00002ACA9 /* Repertoire_Entreprise.xcdatamodeld */ = {
			isa = XCVersionGroup;
			children = (
				4BD19DD2230DCBB00002ACA9 /* Repertoire_Entreprise.xcdatamodel */,
			);
			currentVersion = 4BD19DD2230DCBB00002ACA9 /* Repertoire_Entreprise.xcdatamodel */;
			path = Repertoire_Entreprise.xcdatamodeld;
			sourceTree = "<group>";
			versionGroupType = wrapper.xcdatamodel;
		};
/* End XCVersionGroup section */
	};
	rootObject = 4BD19DBF230DCBB00002ACA9 /* Project object */;
}
